
Microsoft Visual Studio Solution File, Format Version 12.00
# Visual Studio Version 17
VisualStudioVersion = 17.10.35013.160
MinimumVisualStudioVersion = 10.0.40219.1
Project("{FAE04EC0-301F-11D3-BF4B-00C04F79EFBC}") = "Movie", "Movie\Movie.csproj", "{B2E62F0E-497C-4BEF-BD4B-A0708FB0AB38}"
EndProject
Global
	GlobalSection(SolutionConfigurationPlatforms) = preSolution
		Debug|Any CPU = Debug|Any CPU
		Release|Any CPU = Release|Any CPU
	EndGlobalSection
	GlobalSection(ProjectConfigurationPlatforms) = postSolution
		{B2E62F0E-497C-4BEF-BD4B-A0708FB0AB38}.Debug|Any CPU.ActiveCfg = Debug|Any CPU
		{B2E62F0E-497C-4BEF-BD4B-A0708FB0AB38}.Debug|Any CPU.Build.0 = Debug|Any CPU
		{B2E62F0E-497C-4BEF-BD4B-A0708FB0AB38}.Release|Any CPU.ActiveCfg = Release|Any CPU
		{B2E62F0E-497C-4BEF-BD4B-A0708FB0AB38}.Release|Any CPU.Build.0 = Release|Any CPU
	EndGlobalSection
	GlobalSection(SolutionProperties) = preSolution
		HideSolutionNode = FALSE
	EndGlobalSection
	GlobalSection(ExtensibilityGlobals) = postSolution
		SolutionGuid = {D34BB463-5432-4B93-8234-22363BD58527}
	EndGlobalSection
EndGlobal
